
Microsoft Visual Studio Solution File, Format Version 12.00
# Visual Studio Version 16
VisualStudioVersion = 16.0.29418.71
MinimumVisualStudioVersion = 10.0.40219.1
Project("{FAE04EC0-301F-11D3-BF4B-00C04F79EFBC}") = "Api", "CaptiosusDomum\Api.csproj", "{3BA17792-CC5E-45B9-B1D0-E83C9FE50468}"
EndProject
Project("{FAE04EC0-301F-11D3-BF4B-00C04F79EFBC}") = "Interfaces", "Interfaces\Interfaces.csproj", "{3269BF6E-956F-46CA-AC36-AB0AE028A1CC}"
EndProject
Project("{FAE04EC0-301F-11D3-BF4B-00C04F79EFBC}") = "DAL", "DAL\DAL.csproj", "{A173CFE6-F4E2-408B-AD43-573D6D2AEE7F}"
EndProject
Global
	GlobalSection(SolutionConfigurationPlatforms) = preSolution
		Debug|Any CPU = Debug|Any CPU
		Release|Any CPU = Release|Any CPU
	EndGlobalSection
	GlobalSection(ProjectConfigurationPlatforms) = postSolution
		{3BA17792-CC5E-45B9-B1D0-E83C9FE50468}.Debug|Any CPU.ActiveCfg = Debug|Any CPU
		{3BA17792-CC5E-45B9-B1D0-E83C9FE50468}.Debug|Any CPU.Build.0 = Debug|Any CPU
		{3BA17792-CC5E-45B9-B1D0-E83C9FE50468}.Release|Any CPU.ActiveCfg = Release|Any CPU
		{3BA17792-CC5E-45B9-B1D0-E83C9FE50468}.Release|Any CPU.Build.0 = Release|Any CPU
		{3269BF6E-956F-46CA-AC36-AB0AE028A1CC}.Debug|Any CPU.ActiveCfg = Debug|Any CPU
		{3269BF6E-956F-46CA-AC36-AB0AE028A1CC}.Debug|Any CPU.Build.0 = Debug|Any CPU
		{3269BF6E-956F-46CA-AC36-AB0AE028A1CC}.Release|Any CPU.ActiveCfg = Release|Any CPU
		{3269BF6E-956F-46CA-AC36-AB0AE028A1CC}.Release|Any CPU.Build.0 = Release|Any CPU
		{A173CFE6-F4E2-408B-AD43-573D6D2AEE7F}.Debug|Any CPU.ActiveCfg = Debug|Any CPU
		{A173CFE6-F4E2-408B-AD43-573D6D2AEE7F}.Debug|Any CPU.Build.0 = Debug|Any CPU
		{A173CFE6-F4E2-408B-AD43-573D6D2AEE7F}.Release|Any CPU.ActiveCfg = Release|Any CPU
		{A173CFE6-F4E2-408B-AD43-573D6D2AEE7F}.Release|Any CPU.Build.0 = Release|Any CPU
	EndGlobalSection
	GlobalSection(SolutionProperties) = preSolution
		HideSolutionNode = FALSE
	EndGlobalSection
	GlobalSection(ExtensibilityGlobals) = postSolution
		SolutionGuid = {18682738-E5BF-4281-A7AF-6A993A496318}
	EndGlobalSection
EndGlobal
